
Microsoft Visual Studio Solution File, Format Version 12.00
# Visual Studio Version 16
VisualStudioVersion = 16.0.29926.136
MinimumVisualStudioVersion = 10.0.40219.1
Project("{FAE04EC0-301F-11D3-BF4B-00C04F79EFBC}") = "WebShop", "WebShop.csproj", "{4ED2D597-9F58-4A42-961B-73B00A9DBF81}"
EndProject
Project("{FAE04EC0-301F-11D3-BF4B-00C04F79EFBC}") = "WebShop.Tests", "..\WebShop.Tests\WebShop.Tests.csproj", "{48703E75-E129-444D-A3D2-6F9411BD11D3}"
EndProject
Global
	GlobalSection(SolutionConfigurationPlatforms) = preSolution
		Debug|Any CPU = Debug|Any CPU
		Release|Any CPU = Release|Any CPU
	EndGlobalSection
	GlobalSection(ProjectConfigurationPlatforms) = postSolution
		{4ED2D597-9F58-4A42-961B-73B00A9DBF81}.Debug|Any CPU.ActiveCfg = Debug|Any CPU
		{4ED2D597-9F58-4A42-961B-73B00A9DBF81}.Debug|Any CPU.Build.0 = Debug|Any CPU
		{4ED2D597-9F58-4A42-961B-73B00A9DBF81}.Release|Any CPU.ActiveCfg = Release|Any CPU
		{4ED2D597-9F58-4A42-961B-73B00A9DBF81}.Release|Any CPU.Build.0 = Release|Any CPU
		{48703E75-E129-444D-A3D2-6F9411BD11D3}.Debug|Any CPU.ActiveCfg = Debug|Any CPU
		{48703E75-E129-444D-A3D2-6F9411BD11D3}.Debug|Any CPU.Build.0 = Debug|Any CPU
		{48703E75-E129-444D-A3D2-6F9411BD11D3}.Release|Any CPU.ActiveCfg = Release|Any CPU
		{48703E75-E129-444D-A3D2-6F9411BD11D3}.Release|Any CPU.Build.0 = Release|Any CPU
	EndGlobalSection
	GlobalSection(SolutionProperties) = preSolution
		HideSolutionNode = FALSE
	EndGlobalSection
	GlobalSection(ExtensibilityGlobals) = postSolution
		SolutionGuid = {98BF7797-E583-4639-AE7E-A4BF43E2CD4C}
	EndGlobalSection
EndGlobal
